
Microsoft Visual Studio Solution File, Format Version 12.00
# Visual Studio Version 17
VisualStudioVersion = 17.0.31903.59
MinimumVisualStudioVersion = 10.0.40219.1
Project("{2150E333-8FDC-42A3-9474-1A3956D46DE8}") = "src", "src", "{9334A3EF-D59C-4A34-8ADD-3BFDECDE34F1}"
EndProject
Project("{2150E333-8FDC-42A3-9474-1A3956D46DE8}") = "Core", "Core", "{32C97860-507D-4275-AF23-3BE0421C2C07}"
EndProject
Project("{9A19103F-16F7-4668-BE54-9A1E7A4F7556}") = "RookEcomShop.Application", "src\Core\RookEcomShop.Application\RookEcomShop.Application.csproj", "{BB68349B-8752-404B-A535-E015E1CC9A2B}"
EndProject
Project("{9A19103F-16F7-4668-BE54-9A1E7A4F7556}") = "RookEcomShop.Domain", "src\Core\RookEcomShop.Domain\RookEcomShop.Domain.csproj", "{128AE313-1FDC-4412-A2A7-3B37FD4AB4D3}"
EndProject
Project("{2150E333-8FDC-42A3-9474-1A3956D46DE8}") = "Infrastructure", "Infrastructure", "{EB616D33-C556-423E-8AAA-77192F2C278C}"
EndProject
Project("{9A19103F-16F7-4668-BE54-9A1E7A4F7556}") = "RookEcomShop.Infrastructure", "src\Infrastructure\RookEcomShop.Infrastructure\RookEcomShop.Infrastructure.csproj", "{B224BDFE-57B7-46C5-8443-7B6640AF586D}"
EndProject
Project("{9A19103F-16F7-4668-BE54-9A1E7A4F7556}") = "RookEcomShop.Persistence", "src\Infrastructure\RookEcomShop.Persistence\RookEcomShop.Persistence.csproj", "{3ED5214E-4D31-4E70-9FE0-A2169596B728}"
EndProject
Project("{2150E333-8FDC-42A3-9474-1A3956D46DE8}") = "Presenters", "Presenters", "{A215B023-0057-4F41-8D52-62FF3DDE3739}"
EndProject
Project("{9A19103F-16F7-4668-BE54-9A1E7A4F7556}") = "RookEcomShop.Api", "src\Presenters\RookEcomShop.Api\RookEcomShop.Api.csproj", "{2B15BDA6-9085-4C50-8643-5097273A45E9}"
EndProject
Project("{9A19103F-16F7-4668-BE54-9A1E7A4F7556}") = "RookEcomShop.CustomerFrontend", "src\Presenters\RookEcomShop.CustomerFrontend\RookEcomShop.CustomerFrontend.csproj", "{05070AF0-AEB0-44AC-A095-5318A923F0A5}"
EndProject
Project("{9A19103F-16F7-4668-BE54-9A1E7A4F7556}") = "RookEcomShop.IdentityServer", "src\Presenters\RookEcomShop.IdentityServer\RookEcomShop.IdentityServer.csproj", "{7E428A80-C738-44F0-8325-114234080162}"
EndProject
Project("{2150E333-8FDC-42A3-9474-1A3956D46DE8}") = "test", "test", "{F3093C19-667B-4686-85D8-AF8D8BA511E6}"
EndProject
Project("{9A19103F-16F7-4668-BE54-9A1E7A4F7556}") = "RookEcomShop.Application.UnitTest", "test\RookEcomShop.Application.UnitTest\RookEcomShop.Application.UnitTest.csproj", "{E9DCD1F8-FA60-4515-AF02-FF23EDB74B0D}"
EndProject
Project("{9A19103F-16F7-4668-BE54-9A1E7A4F7556}") = "RookEcomShop.CustomerFrontend.UnitTest", "test\RookEcomShop.CustomerFrontend.UnitTest\RookEcomShop.CustomerFrontend.UnitTest.csproj", "{026022DF-75A8-4135-8B68-F74AB76208C0}"
EndProject
Project("{9A19103F-16F7-4668-BE54-9A1E7A4F7556}") = "RookEcomShop.Infrastructure.UnitTest", "test\RookEcomShop.Infrastructure.UnitTest\RookEcomShop.Infrastructure.UnitTest.csproj", "{B1341400-5734-40FD-987F-ED068FF9D37B}"
EndProject
Project("{9A19103F-16F7-4668-BE54-9A1E7A4F7556}") = "RookEcomShop.ViewModels", "src\RookEcomShop.ViewModels\RookEcomShop.ViewModels.csproj", "{6BF6DE7F-38B1-47C6-9D47-344C840564E5}"
EndProject
Project("{FAE04EC0-301F-11D3-BF4B-00C04F79EFBC}") = "RookEcomShop.Domain.UnitTest", "test\RookEcomShop.Domain.UnitTest\RookEcomShop.Domain.UnitTest.csproj", "{C42BEC62-6526-4DC4-B4FF-C3988620E18F}"
EndProject
Project("{FAE04EC0-301F-11D3-BF4B-00C04F79EFBC}") = "RookEcomShop.Persistence.UnitTest", "test\RookEcomShop.Persistence.UnitTest\RookEcomShop.Persistence.UnitTest.csproj", "{E2CC2E7A-B6EC-4C9C-A04B-86633739BC67}"
EndProject
Project("{FAE04EC0-301F-11D3-BF4B-00C04F79EFBC}") = "RookEcomShop.Api.UnitTest", "test\RookEcomShop.Api.UnitTest\RookEcomShop.Api.UnitTest.csproj", "{8D01C7C7-5C4B-41A8-A756-4D9E23AF7EBB}"
EndProject
Global
	GlobalSection(SolutionConfigurationPlatforms) = preSolution
		Debug|Any CPU = Debug|Any CPU
		Release|Any CPU = Release|Any CPU
	EndGlobalSection
	GlobalSection(ProjectConfigurationPlatforms) = postSolution
		{BB68349B-8752-404B-A535-E015E1CC9A2B}.Debug|Any CPU.ActiveCfg = Debug|Any CPU
		{BB68349B-8752-404B-A535-E015E1CC9A2B}.Debug|Any CPU.Build.0 = Debug|Any CPU
		{BB68349B-8752-404B-A535-E015E1CC9A2B}.Release|Any CPU.ActiveCfg = Release|Any CPU
		{BB68349B-8752-404B-A535-E015E1CC9A2B}.Release|Any CPU.Build.0 = Release|Any CPU
		{128AE313-1FDC-4412-A2A7-3B37FD4AB4D3}.Debug|Any CPU.ActiveCfg = Debug|Any CPU
		{128AE313-1FDC-4412-A2A7-3B37FD4AB4D3}.Debug|Any CPU.Build.0 = Debug|Any CPU
		{128AE313-1FDC-4412-A2A7-3B37FD4AB4D3}.Release|Any CPU.ActiveCfg = Release|Any CPU
		{128AE313-1FDC-4412-A2A7-3B37FD4AB4D3}.Release|Any CPU.Build.0 = Release|Any CPU
		{B224BDFE-57B7-46C5-8443-7B6640AF586D}.Debug|Any CPU.ActiveCfg = Debug|Any CPU
		{B224BDFE-57B7-46C5-8443-7B6640AF586D}.Debug|Any CPU.Build.0 = Debug|Any CPU
		{B224BDFE-57B7-46C5-8443-7B6640AF586D}.Release|Any CPU.ActiveCfg = Release|Any CPU
		{B224BDFE-57B7-46C5-8443-7B6640AF586D}.Release|Any CPU.Build.0 = Release|Any CPU
		{3ED5214E-4D31-4E70-9FE0-A2169596B728}.Debug|Any CPU.ActiveCfg = Debug|Any CPU
		{3ED5214E-4D31-4E70-9FE0-A2169596B728}.Debug|Any CPU.Build.0 = Debug|Any CPU
		{3ED5214E-4D31-4E70-9FE0-A2169596B728}.Release|Any CPU.ActiveCfg = Release|Any CPU
		{3ED5214E-4D31-4E70-9FE0-A2169596B728}.Release|Any CPU.Build.0 = Release|Any CPU
		{2B15BDA6-9085-4C50-8643-5097273A45E9}.Debug|Any CPU.ActiveCfg = Debug|Any CPU
		{2B15BDA6-9085-4C50-8643-5097273A45E9}.Debug|Any CPU.Build.0 = Debug|Any CPU
		{2B15BDA6-9085-4C50-8643-5097273A45E9}.Release|Any CPU.ActiveCfg = Release|Any CPU
		{2B15BDA6-9085-4C50-8643-5097273A45E9}.Release|Any CPU.Build.0 = Release|Any CPU
		{05070AF0-AEB0-44AC-A095-5318A923F0A5}.Debug|Any CPU.ActiveCfg = Debug|Any CPU
		{05070AF0-AEB0-44AC-A095-5318A923F0A5}.Debug|Any CPU.Build.0 = Debug|Any CPU
		{05070AF0-AEB0-44AC-A095-5318A923F0A5}.Release|Any CPU.ActiveCfg = Release|Any CPU
		{05070AF0-AEB0-44AC-A095-5318A923F0A5}.Release|Any CPU.Build.0 = Release|Any CPU
		{7E428A80-C738-44F0-8325-114234080162}.Debug|Any CPU.ActiveCfg = Debug|Any CPU
		{7E428A80-C738-44F0-8325-114234080162}.Debug|Any CPU.Build.0 = Debug|Any CPU
		{7E428A80-C738-44F0-8325-114234080162}.Release|Any CPU.ActiveCfg = Release|Any CPU
		{7E428A80-C738-44F0-8325-114234080162}.Release|Any CPU.Build.0 = Release|Any CPU
		{E9DCD1F8-FA60-4515-AF02-FF23EDB74B0D}.Debug|Any CPU.ActiveCfg = Debug|Any CPU
		{E9DCD1F8-FA60-4515-AF02-FF23EDB74B0D}.Debug|Any CPU.Build.0 = Debug|Any CPU
		{E9DCD1F8-FA60-4515-AF02-FF23EDB74B0D}.Release|Any CPU.ActiveCfg = Release|Any CPU
		{E9DCD1F8-FA60-4515-AF02-FF23EDB74B0D}.Release|Any CPU.Build.0 = Release|Any CPU
		{026022DF-75A8-4135-8B68-F74AB76208C0}.Debug|Any CPU.ActiveCfg = Debug|Any CPU
		{026022DF-75A8-4135-8B68-F74AB76208C0}.Debug|Any CPU.Build.0 = Debug|Any CPU
		{026022DF-75A8-4135-8B68-F74AB76208C0}.Release|Any CPU.ActiveCfg = Release|Any CPU
		{026022DF-75A8-4135-8B68-F74AB76208C0}.Release|Any CPU.Build.0 = Release|Any CPU
		{B1341400-5734-40FD-987F-ED068FF9D37B}.Debug|Any CPU.ActiveCfg = Debug|Any CPU
		{B1341400-5734-40FD-987F-ED068FF9D37B}.Debug|Any CPU.Build.0 = Debug|Any CPU
		{B1341400-5734-40FD-987F-ED068FF9D37B}.Release|Any CPU.ActiveCfg = Release|Any CPU
		{B1341400-5734-40FD-987F-ED068FF9D37B}.Release|Any CPU.Build.0 = Release|Any CPU
		{6BF6DE7F-38B1-47C6-9D47-344C840564E5}.Debug|Any CPU.ActiveCfg = Debug|Any CPU
		{6BF6DE7F-38B1-47C6-9D47-344C840564E5}.Debug|Any CPU.Build.0 = Debug|Any CPU
		{6BF6DE7F-38B1-47C6-9D47-344C840564E5}.Release|Any CPU.ActiveCfg = Release|Any CPU
		{6BF6DE7F-38B1-47C6-9D47-344C840564E5}.Release|Any CPU.Build.0 = Release|Any CPU
		{C42BEC62-6526-4DC4-B4FF-C3988620E18F}.Debug|Any CPU.ActiveCfg = Debug|Any CPU
		{C42BEC62-6526-4DC4-B4FF-C3988620E18F}.Debug|Any CPU.Build.0 = Debug|Any CPU
		{C42BEC62-6526-4DC4-B4FF-C3988620E18F}.Release|Any CPU.ActiveCfg = Release|Any CPU
		{C42BEC62-6526-4DC4-B4FF-C3988620E18F}.Release|Any CPU.Build.0 = Release|Any CPU
		{E2CC2E7A-B6EC-4C9C-A04B-86633739BC67}.Debug|Any CPU.ActiveCfg = Debug|Any CPU
		{E2CC2E7A-B6EC-4C9C-A04B-86633739BC67}.Debug|Any CPU.Build.0 = Debug|Any CPU
		{E2CC2E7A-B6EC-4C9C-A04B-86633739BC67}.Release|Any CPU.ActiveCfg = Release|Any CPU
		{E2CC2E7A-B6EC-4C9C-A04B-86633739BC67}.Release|Any CPU.Build.0 = Release|Any CPU
		{8D01C7C7-5C4B-41A8-A756-4D9E23AF7EBB}.Debug|Any CPU.ActiveCfg = Debug|Any CPU
		{8D01C7C7-5C4B-41A8-A756-4D9E23AF7EBB}.Debug|Any CPU.Build.0 = Debug|Any CPU
		{8D01C7C7-5C4B-41A8-A756-4D9E23AF7EBB}.Release|Any CPU.ActiveCfg = Release|Any CPU
		{8D01C7C7-5C4B-41A8-A756-4D9E23AF7EBB}.Release|Any CPU.Build.0 = Release|Any CPU
	EndGlobalSection
	GlobalSection(SolutionProperties) = preSolution
		HideSolutionNode = FALSE
	EndGlobalSection
	GlobalSection(NestedProjects) = preSolution
		{32C97860-507D-4275-AF23-3BE0421C2C07} = {9334A3EF-D59C-4A34-8ADD-3BFDECDE34F1}
		{BB68349B-8752-404B-A535-E015E1CC9A2B} = {32C97860-507D-4275-AF23-3BE0421C2C07}
		{128AE313-1FDC-4412-A2A7-3B37FD4AB4D3} = {32C97860-507D-4275-AF23-3BE0421C2C07}
		{EB616D33-C556-423E-8AAA-77192F2C278C} = {9334A3EF-D59C-4A34-8ADD-3BFDECDE34F1}
		{B224BDFE-57B7-46C5-8443-7B6640AF586D} = {EB616D33-C556-423E-8AAA-77192F2C278C}
		{3ED5214E-4D31-4E70-9FE0-A2169596B728} = {EB616D33-C556-423E-8AAA-77192F2C278C}
		{A215B023-0057-4F41-8D52-62FF3DDE3739} = {9334A3EF-D59C-4A34-8ADD-3BFDECDE34F1}
		{2B15BDA6-9085-4C50-8643-5097273A45E9} = {A215B023-0057-4F41-8D52-62FF3DDE3739}
		{05070AF0-AEB0-44AC-A095-5318A923F0A5} = {A215B023-0057-4F41-8D52-62FF3DDE3739}
		{7E428A80-C738-44F0-8325-114234080162} = {A215B023-0057-4F41-8D52-62FF3DDE3739}
		{E9DCD1F8-FA60-4515-AF02-FF23EDB74B0D} = {F3093C19-667B-4686-85D8-AF8D8BA511E6}
		{026022DF-75A8-4135-8B68-F74AB76208C0} = {F3093C19-667B-4686-85D8-AF8D8BA511E6}
		{B1341400-5734-40FD-987F-ED068FF9D37B} = {F3093C19-667B-4686-85D8-AF8D8BA511E6}
		{6BF6DE7F-38B1-47C6-9D47-344C840564E5} = {9334A3EF-D59C-4A34-8ADD-3BFDECDE34F1}
		{C42BEC62-6526-4DC4-B4FF-C3988620E18F} = {F3093C19-667B-4686-85D8-AF8D8BA511E6}
		{E2CC2E7A-B6EC-4C9C-A04B-86633739BC67} = {F3093C19-667B-4686-85D8-AF8D8BA511E6}
		{8D01C7C7-5C4B-41A8-A756-4D9E23AF7EBB} = {F3093C19-667B-4686-85D8-AF8D8BA511E6}
	EndGlobalSection
	GlobalSection(ExtensibilityGlobals) = postSolution
		SolutionGuid = {3D3F06F8-7E5B-4DE9-A52D-CCAE023CD0F4}
	EndGlobalSection
EndGlobal
